
Microsoft Visual Studio Solution File, Format Version 12.00
Project("{FAE04EC0-301F-11D3-BF4B-00C04F79EFBC}") = "TxtCreatorAPI", "TxtCreatorAPI.csproj", "{B1A18EF8-2C1C-4A8E-8ECF-4823C1D9D44A}"
EndProject
Global
	GlobalSection(SolutionConfigurationPlatforms) = preSolution
		Debug|Any CPU = Debug|Any CPU
		Release|Any CPU = Release|Any CPU
	EndGlobalSection
	GlobalSection(ProjectConfigurationPlatforms) = postSolution
		{B1A18EF8-2C1C-4A8E-8ECF-4823C1D9D44A}.Debug|Any CPU.ActiveCfg = Debug|Any CPU
		{B1A18EF8-2C1C-4A8E-8ECF-4823C1D9D44A}.Debug|Any CPU.Build.0 = Debug|Any CPU
		{B1A18EF8-2C1C-4A8E-8ECF-4823C1D9D44A}.Release|Any CPU.ActiveCfg = Release|Any CPU
		{B1A18EF8-2C1C-4A8E-8ECF-4823C1D9D44A}.Release|Any CPU.Build.0 = Release|Any CPU
	EndGlobalSection
EndGlobal
